
Microsoft Visual Studio Solution File, Format Version 12.00
# Visual Studio Version 16
VisualStudioVersion = 16.0.31005.135
MinimumVisualStudioVersion = 10.0.40219.1
Project("{FAE04EC0-301F-11D3-BF4B-00C04F79EFBC}") = "ImageConverter", "ImageConverter\ImageConverter.csproj", "{8B6C45CE-25F4-4F45-A8FF-473CB8D6D964}"
EndProject
Global
	GlobalSection(SolutionConfigurationPlatforms) = preSolution
		Debug|Any CPU = Debug|Any CPU
		Release|Any CPU = Release|Any CPU
	EndGlobalSection
	GlobalSection(ProjectConfigurationPlatforms) = postSolution
		{8B6C45CE-25F4-4F45-A8FF-473CB8D6D964}.Debug|Any CPU.ActiveCfg = Debug|Any CPU
		{8B6C45CE-25F4-4F45-A8FF-473CB8D6D964}.Debug|Any CPU.Build.0 = Debug|Any CPU
		{8B6C45CE-25F4-4F45-A8FF-473CB8D6D964}.Release|Any CPU.ActiveCfg = Release|Any CPU
		{8B6C45CE-25F4-4F45-A8FF-473CB8D6D964}.Release|Any CPU.Build.0 = Release|Any CPU
	EndGlobalSection
	GlobalSection(SolutionProperties) = preSolution
		HideSolutionNode = FALSE
	EndGlobalSection
	GlobalSection(ExtensibilityGlobals) = postSolution
		SolutionGuid = {9E8800C9-89D1-45BB-8126-4C6C27EC5C21}
	EndGlobalSection
EndGlobal
